github.com/lance-e/net-reactors v0.0.0-20250123153925-2843badcac6e h1:yqyQgZS+I+lVDm5G6+tx1t1KCPp6hTusNDDzMA+0TE8=
github.com/lance-e/net-reactors v0.0.0-20250123153925-2843badcac6e/go.mod h1:7g/0ohzKePYLL5TYYbTyEiZ6KGxv33zk6uYYrgf5gq4=
github.com/petermattis/goid v0.0.0-20250121172306-05bcfb9a85dc h1:Xz/LkK9AJRY5QTkA1uE1faB8yeqRFjeKgwDtI13ogcY=
github.com/petermattis/goid v0.0.0-20250121172306-05bcfb9a85dc/go.mod h1:pxMtw7cyUw6B2bRH0ZBANSPg+AoSud1I1iyJHI69jH4=
golang.org/x/sys v0.29.0 h1:TPYlXGxvx1MGTn2GiZDhnjPA9wZzZeGKHHmKhHYvgaU=
golang.org/x/sys v0.29.0/go.mod h1:/VUhepiaJMQUp4+oa/7Zr1D23ma6VTLIYjOOTFZPUcA=
